// !$*UTF8*$!
{
	archiveVersion = 1;
	classes = {
	};
	objectVersion = 46;
	objects = {

/* Begin PBXBuildFile section */
		4D0617A219D7783800A7679C /* AppDelegate.swift in Sources */ = {isa = PBXBuildFile; fileRef = 4D0617A119D7783800A7679C /* AppDelegate.swift */; };
		4D0617A419D7783800A7679C /* ViewController.swift in Sources */ = {isa = PBXBuildFile; fileRef = 4D0617A319D7783800A7679C /* ViewController.swift */; };
		4D0617A719D7783800A7679C /* Main.storyboard in Resources */ = {isa = PBXBuildFile; fileRef = 4D0617A519D7783800A7679C /* Main.storyboard */; };
		4D0617A919D7783800A7679C /* Images.xcassets in Resources */ = {isa = PBXBuildFile; fileRef = 4D0617A819D7783800A7679C /* Images.xcassets */; };
		4D0617AC19D7783800A7679C /* LaunchScreen.xib in Resources */ = {isa = PBXBuildFile; fileRef = 4D0617AA19D7783800A7679C /* LaunchScreen.xib */; };
		4D0617B819D7783800A7679C /* WKBrowserTests.swift in Sources */ = {isa = PBXBuildFile; fileRef = 4D0617B719D7783800A7679C /* WKBrowserTests.swift */; };
		4D06181E19D78C3600A7679C /* TableViewController.swift in Sources */ = {isa = PBXBuildFile; fileRef = 4D06181D19D78C3600A7679C /* TableViewController.swift */; };
/* End PBXBuildFile section */

/* Begin PBXContainerItemProxy section */
		4D0617B219D7783800A7679C /* PBXContainerItemProxy */ = {
			isa = PBXContainerItemProxy;
			containerPortal = 4D06179419D7783800A7679C /* Project object */;
			proxyType = 1;
			remoteGlobalIDString = 4D06179B19D7783800A7679C;
			remoteInfo = WKBrowser;
		};
/* End PBXContainerItemProxy section */

/* Begin PBXFileReference section */
		4D06179C19D7783800A7679C /* WKBrowser.app */ = {isa = PBXFileReference; explicitFileType = wrapper.application; includeInIndex = 0; path = WKBrowser.app; sourceTree = BUILT_PRODUCTS_DIR; };
		4D0617A019D7783800A7679C /* Info.plist */ = {isa = PBXFileReference; lastKnownFileType = text.plist.xml; path = Info.plist; sourceTree = "<group>"; };
		4D0617A119D7783800A7679C /* AppDelegate.swift */ = {isa = PBXFileReference; lastKnownFileType = sourcecode.swift; path = AppDelegate.swift; sourceTree = "<group>"; };
		4D0617A319D7783800A7679C /* ViewController.swift */ = {isa = PBXFileReference; lastKnownFileType = sourcecode.swift; path = ViewController.swift; sourceTree = "<group>"; };
		4D0617A619D7783800A7679C /* Base */ = {isa = PBXFileReference; lastKnownFileType = file.storyboard; name = Base; path = Base.lproj/Main.storyboard; sourceTree = "<group>"; };
		4D0617A819D7783800A7679C /* Images.xcassets */ = {isa = PBXFileReference; lastKnownFileType = folder.assetcatalog; path = Images.xcassets; sourceTree = "<group>"; };
		4D0617AB19D7783800A7679C /* Base */ = {isa = PBXFileReference; lastKnownFileType = file.xib; name = Base; path = Base.lproj/LaunchScreen.xib; sourceTree = "<group>"; };
		4D0617B119D7783800A7679C /* WKBrowserTests.xctest */ = {isa = PBXFileReference; explicitFileType = wrapper.cfbundle; includeInIndex = 0; path = WKBrowserTests.xctest; sourceTree = BUILT_PRODUCTS_DIR; };
		4D0617B619D7783800A7679C /* Info.plist */ = {isa = PBXFileReference; lastKnownFileType = text.plist.xml; path = Info.plist; sourceTree = "<group>"; };
		4D0617B719D7783800A7679C /* WKBrowserTests.swift */ = {isa = PBXFileReference; lastKnownFileType = sourcecode.swift; path = WKBrowserTests.swift; sourceTree = "<group>"; };
		4D06181D19D78C3600A7679C /* TableViewController.swift */ = {isa = PBXFileReference; fileEncoding = 4; lastKnownFileType = sourcecode.swift; path = TableViewController.swift; sourceTree = "<group>"; };
/* End PBXFileReference section */

/* Begin PBXFrameworksBuildPhase section */
		4D06179919D7783800A7679C /* Frameworks */ = {
			isa = PBXFrameworksBuildPhase;
			buildActionMask = 2147483647;
			files = (
			);
			runOnlyForDeploymentPostprocessing = 0;
		};
		4D0617AE19D7783800A7679C /* Frameworks */ = {
			isa = PBXFrameworksBuildPhase;
			buildActionMask = 2147483647;
			files = (
			);
			runOnlyForDeploymentPostprocessing = 0;
		};
/* End PBXFrameworksBuildPhase section */

/* Begin PBXGroup section */
		4D06179319D7783800A7679C = {
			isa = PBXGroup;
			children = (
				4D06179E19D7783800A7679C /* WKBrowser */,
				4D0617B419D7783800A7679C /* WKBrowserTests */,
				4D06179D19D7783800A7679C /* Products */,
			);
			sourceTree = "<group>";
		};
		4D06179D19D7783800A7679C /* Products */ = {
			isa = PBXGroup;
			children = (
				4D06179C19D7783800A7679C /* WKBrowser.app */,
				4D0617B119D7783800A7679C /* WKBrowserTests.xctest */,
			);
			name = Products;
			sourceTree = "<group>";
		};
		4D06179E19D7783800A7679C /* WKBrowser */ = {
			isa = PBXGroup;
			children = (
				4D0617A119D7783800A7679C /* AppDelegate.swift */,
				4D0617A319D7783800A7679C /* ViewController.swift */,
				4D0617A519D7783800A7679C /* Main.storyboard */,
				4D0617A819D7783800A7679C /* Images.xcassets */,
				4D0617AA19D7783800A7679C /* LaunchScreen.xib */,
				4D06179F19D7783800A7679C /* Supporting Files */,
				4D06181D19D78C3600A7679C /* TableViewController.swift */,
			);
			path = WKBrowser;
			sourceTree = "<group>";
		};
		4D06179F19D7783800A7679C /* Supporting Files */ = {
			isa = PBXGroup;
			children = (
				4D0617A019D7783800A7679C /* Info.plist */,
			);
			name = "Supporting Files";
			sourceTree = "<group>";
		};
		4D0617B419D7783800A7679C /* WKBrowserTests */ = {
			isa = PBXGroup;
			children = (
				4D0617B719D7783800A7679C /* WKBrowserTests.swift */,
				4D0617B519D7783800A7679C /* Supporting Files */,
			);
			path = WKBrowserTests;
			sourceTree = "<group>";
		};
		4D0617B519D7783800A7679C /* Supporting Files */ = {
			isa = PBXGroup;
			children = (
				4D0617B619D7783800A7679C /* Info.plist */,
			);
			name = "Supporting Files";
			sourceTree = "<group>";
		};
/* End PBXGroup section */

/* Begin PBXNativeTarget section */
		4D06179B19D7783800A7679C /* WKBrowser */ = {
			isa = PBXNativeTarget;
			buildConfigurationList = 4D0617BB19D7783800A7679C /* Build configuration list for PBXNativeTarget "WKBrowser" */;
			buildPhases = (
				4D06179819D7783800A7679C /* Sources */,
				4D06179919D7783800A7679C /* Frameworks */,
				4D06179A19D7783800A7679C /* Resources */,
			);
			buildRules = (
			);
			dependencies = (
			);
			name = WKBrowser;
			productName = WKBrowser;
			productReference = 4D06179C19D7783800A7679C /* WKBrowser.app */;
			productType = "com.apple.product-type.application";
		};
		4D0617B019D7783800A7679C /* WKBrowserTests */ = {
			isa = PBXNativeTarget;
			buildConfigurationList = 4D0617BE19D7783800A7679C /* Build configuration list for PBXNativeTarget "WKBrowserTests" */;
			buildPhases = (
				4D0617AD19D7783800A7679C /* Sources */,
				4D0617AE19D7783800A7679C /* Frameworks */,
				4D0617AF19D7783800A7679C /* Resources */,
			);
			buildRules = (
			);
			dependencies = (
				4D0617B319D7783800A7679C /* PBXTargetDependency */,
			);
			name = WKBrowserTests;
			productName = WKBrowserTests;
			productReference = 4D0617B119D7783800A7679C /* WKBrowserTests.xctest */;
			productType = "com.apple.product-type.bundle.unit-test";
		};
/* End PBXNativeTarget section */

/* Begin PBXProject section */
		4D06179419D7783800A7679C /* Project object */ = {
			isa = PBXProject;
			attributes = {
				LastUpgradeCheck = 0600;
				ORGANIZATIONNAME = "Keanu Lee";
				TargetAttributes = {
					4D06179B19D7783800A7679C = {
						CreatedOnToolsVersion = 6.0.1;
					};
					4D0617B019D7783800A7679C = {
						CreatedOnToolsVersion = 6.0.1;
						TestTargetID = 4D06179B19D7783800A7679C;
					};
				};
			};
			buildConfigurationList = 4D06179719D7783800A7679C /* Build configuration list for PBXProject "WKBrowser" */;
			compatibilityVersion = "Xcode 3.2";
			developmentRegion = English;
			hasScannedForEncodings = 0;
			knownRegions = (
				en,
				Base,
			);
			mainGroup = 4D06179319D7783800A7679C;
			productRefGroup = 4D06179D19D7783800A7679C /* Products */;
			projectDirPath = "";
			projectRoot = "";
			targets = (
				4D06179B19D7783800A7679C /* WKBrowser */,
				4D0617B019D7783800A7679C /* WKBrowserTests */,
			);
		};
/* End PBXProject section */

/* Begin PBXResourcesBuildPhase section */
		4D06179A19D7783800A7679C /* Resources */ = {
			isa = PBXResourcesBuildPhase;
			buildActionMask = 2147483647;
			files = (
				4D0617A719D7783800A7679C /* Main.storyboard in Resources */,
				4D0617AC19D7783800A7679C /* LaunchScreen.xib in Resources */,
				4D0617A919D7783800A7679C /* Images.xcassets in Resources */,
			);
			runOnlyForDeploymentPostprocessing = 0;
		};
		4D0617AF19D7783800A7679C /* Resources */ = {
			isa = PBXResourcesBuildPhase;
			buildActionMask = 2147483647;
			files = (
			);
			runOnlyForDeploymentPostprocessing = 0;
		};
/* End PBXResourcesBuildPhase section */

/* Begin PBXSourcesBuildPhase section */
		4D06179819D7783800A7679C /* Sources */ = {
			isa = PBXSourcesBuildPhase;
			buildActionMask = 2147483647;
			files = (
				4D0617A419D7783800A7679C /* ViewController.swift in Sources */,
				4D06181E19D78C3600A7679C /* TableViewController.swift in Sources */,
				4D0617A219D7783800A7679C /* AppDelegate.swift in Sources */,
			);
			runOnlyForDeploymentPostprocessing = 0;
		};
		4D0617AD19D7783800A7679C /* Sources */ = {
			isa = PBXSourcesBuildPhase;
			buildActionMask = 2147483647;
			files = (
				4D0617B819D7783800A7679C /* WKBrowserTests.swift in Sources */,
			);
			runOnlyForDeploymentPostprocessing = 0;
		};
/* End PBXSourcesBuildPhase section */

/* Begin PBXTargetDependency section */
		4D0617B319D7783800A7679C /* PBXTargetDependency */ = {
			isa = PBXTargetDependency;
			target = 4D06179B19D7783800A7679C /* WKBrowser */;
			targetProxy = 4D0617B219D7783800A7679C /* PBXContainerItemProxy */;
		};
/* End PBXTargetDependency section */

/* Begin PBXVariantGroup section */
		4D0617A519D7783800A7679C /* Main.storyboard */ = {
			isa = PBXVariantGroup;
			children = (
				4D0617A619D7783800A7679C /* Base */,
			);
			name = Main.storyboard;
			sourceTree = "<group>";
		};
		4D0617AA19D7783800A7679C /* LaunchScreen.xib */ = {
			isa = PBXVariantGroup;
			children = (
				4D0617AB19D7783800A7679C /* Base */,
			);
			name = LaunchScreen.xib;
			sourceTree = "<group>";
		};
/* End PBXVariantGroup section */

/* Begin XCBuildConfiguration section */
		4D0617B919D7783800A7679C /* Debug */ = {
			isa = XCBuildConfiguration;
			buildSettings = {
				ALWAYS_SEARCH_USER_PATHS = NO;
				CLANG_CXX_LANGUAGE_STANDARD = "gnu++0x";
				CLANG_CXX_LIBRARY = "libc++";
				CLANG_ENABLE_MODULES = YES;
				CLANG_ENABLE_OBJC_ARC = YES;
				CLANG_WARN_BOOL_CONVERSION = YES;
				CLANG_WARN_CONSTANT_CONVERSION = YES;
				CLANG_WARN_DIRECT_OBJC_ISA_USAGE = YES_ERROR;
				CLANG_WARN_EMPTY_BODY = YES;
				CLANG_WARN_ENUM_CONVERSION = YES;
				CLANG_WARN_INT_CONVERSION = YES;
				CLANG_WARN_OBJC_ROOT_CLASS = YES_ERROR;
				CLANG_WARN_UNREACHABLE_CODE = YES;
				CLANG_WARN__DUPLICATE_METHOD_MATCH = YES;
				"CODE_SIGN_IDENTITY[sdk=iphoneos*]" = "iPhone Developer";
				COPY_PHASE_STRIP = NO;
				ENABLE_STRICT_OBJC_MSGSEND = YES;
				GCC_C_LANGUAGE_STANDARD = gnu99;
				GCC_DYNAMIC_NO_PIC = NO;
				GCC_OPTIMIZATION_LEVEL = 0;
				GCC_PREPROCESSOR_DEFINITIONS = (
					"DEBUG=1",
					"$(inherited)",
				);
				GCC_SYMBOLS_PRIVATE_EXTERN = NO;
				GCC_WARN_64_TO_32_BIT_CONVERSION = YES;
				GCC_WARN_ABOUT_RETURN_TYPE = YES_ERROR;
				GCC_WARN_UNDECLARED_SELECTOR = YES;
				GCC_WARN_UNINITIALIZED_AUTOS = YES_AGGRESSIVE;
				GCC_WARN_UNUSED_FUNCTION = YES;
				GCC_WARN_UNUSED_VARIABLE = YES;
				IPHONEOS_DEPLOYMENT_TARGET = 8.0;
				MTL_ENABLE_DEBUG_INFO = YES;
				ONLY_ACTIVE_ARCH = YES;
				SDKROOT = iphoneos;
				SWIFT_OPTIMIZATION_LEVEL = "-Onone";
				TARGETED_DEVICE_FAMILY = "1,2";
			};
			name = Debug;
		};
		4D0617BA19D7783800A7679C /* Release */ = {
			isa = XCBuildConfiguration;
			buildSettings = {
				ALWAYS_SEARCH_USER_PATHS = NO;
				CLANG_CXX_LANGUAGE_STANDARD = "gnu++0x";
				CLANG_CXX_LIBRARY = "libc++";
				CLANG_ENABLE_MODULES = YES;
				CLANG_ENABLE_OBJC_ARC = YES;
				CLANG_WARN_BOOL_CONVERSION = YES;
				CLANG_WARN_CONSTANT_CONVERSION = YES;
				CLANG_WARN_DIRECT_OBJC_ISA_USAGE = YES_ERROR;
				CLANG_WARN_EMPTY_BODY = YES;
				CLANG_WARN_ENUM_CONVERSION = YES;
				CLANG_WARN_INT_CONVERSION = YES;
				CLANG_WARN_OBJC_ROOT_CLASS = YES_ERROR;
				CLANG_WARN_UNREACHABLE_CODE = YES;
				CLANG_WARN__DUPLICATE_METHOD_MATCH = YES;
				"CODE_SIGN_IDENTITY[sdk=iphoneos*]" = "iPhone Developer";
				COPY_PHASE_STRIP = YES;
				ENABLE_NS_ASSERTIONS = NO;
				ENABLE_STRICT_OBJC_MSGSEND = YES;
				GCC_C_LANGUAGE_STANDARD = gnu99;
				GCC_WARN_64_TO_32_BIT_CONVERSION = YES;
				GCC_WARN_ABOUT_RETURN_TYPE = YES_ERROR;
				GCC_WARN_UNDECLARED_SELECTOR = YES;
				GCC_WARN_UNINITIALIZED_AUTOS = YES_AGGRESSIVE;
				GCC_WARN_UNUSED_FUNCTION = YES;
				GCC_WARN_UNUSED_VARIABLE = YES;
				IPHONEOS_DEPLOYMENT_TARGET = 8.0;
				MTL_ENABLE_DEBUG_INFO = NO;
				SDKROOT = iphoneos;
				TARGETED_DEVICE_FAMILY = "1,2";
				VALIDATE_PRODUCT = YES;
			};
			name = Release;
		};
		4D0617BC19D7783800A7679C /* Debug */ = {
			isa = XCBuildConfiguration;
			buildSettings = {
				ASSETCATALOG_COMPILER_APPICON_NAME = AppIcon;
				INFOPLIST_FILE = WKBrowser/Info.plist;
				LD_RUNPATH_SEARCH_PATHS = "$(inherited) @executable_path/Frameworks";
				PRODUCT_NAME = "$(TARGET_NAME)";
			};
			name = Debug;
		};
		4D0617BD19D7783800A7679C /* Release */ = {
			isa = XCBuildConfiguration;
			buildSettings = {
				ASSETCATALOG_COMPILER_APPICON_NAME = AppIcon;
				INFOPLIST_FILE = WKBrowser/Info.plist;
				LD_RUNPATH_SEARCH_PATHS = "$(inherited) @executable_path/Frameworks";
				PRODUCT_NAME = "$(TARGET_NAME)";
			};
			name = Release;
		};
		4D0617BF19D7783800A7679C /* Debug */ = {
			isa = XCBuildConfiguration;
			buildSettings = {
				BUNDLE_LOADER = "$(TEST_HOST)";
				FRAMEWORK_SEARCH_PATHS = (
					"$(SDKROOT)/Developer/Library/Frameworks",
					"$(inherited)",
				);
				GCC_PREPROCESSOR_DEFINITIONS = (
					"DEBUG=1",
					"$(inherited)",
				);
				INFOPLIST_FILE = WKBrowserTests/Info.plist;
				LD_RUNPATH_SEARCH_PATHS = "$(inherited) @executable_path/Frameworks @loader_path/Frameworks";
				PRODUCT_NAME = "$(TARGET_NAME)";
				TEST_HOST = "$(BUILT_PRODUCTS_DIR)/WKBrowser.app/WKBrowser";
			};
			name = Debug;
		};
		4D0617C019D7783800A7679C /* Release */ = {
			isa = XCBuildConfiguration;
			buildSettings = {
				BUNDLE_LOADER = "$(TEST_HOST)";
				FRAMEWORK_SEARCH_PATHS = (
					"$(SDKROOT)/Developer/Library/Frameworks",
					"$(inherited)",
				);
				INFOPLIST_FILE = WKBrowserTests/Info.plist;
				LD_RUNPATH_SEARCH_PATHS = "$(inherited) @executable_path/Frameworks @loader_path/Frameworks";
				PRODUCT_NAME = "$(TARGET_NAME)";
				TEST_HOST = "$(BUILT_PRODUCTS_DIR)/WKBrowser.app/WKBrowser";
			};
			name = Release;
		};
/* End XCBuildConfiguration section */

/* Begin XCConfigurationList section */
		4D06179719D7783800A7679C /* Build configuration list for PBXProject "WKBrowser" */ = {
			isa = XCConfigurationList;
			buildConfigurations = (
				4D0617B919D7783800A7679C /* Debug */,
				4D0617BA19D7783800A7679C /* Release */,
			);
			defaultConfigurationIsVisible = 0;
			defaultConfigurationName = Release;
		};
		4D0617BB19D7783800A7679C /* Build configuration list for PBXNativeTarget "WKBrowser" */ = {
			isa = XCConfigurationList;
			buildConfigurations = (
				4D0617BC19D7783800A7679C /* Debug */,
				4D0617BD19D7783800A7679C /* Release */,
			);
			defaultConfigurationIsVisible = 0;
		};
		4D0617BE19D7783800A7679C /* Build configuration list for PBXNativeTarget "WKBrowserTests" */ = {
			isa = XCConfigurationList;
			buildConfigurations = (
				4D0617BF19D7783800A7679C /* Debug */,
				4D0617C019D7783800A7679C /* Release */,
			);
			defaultConfigurationIsVisible = 0;
		};
/* End XCConfigurationList section */
	};
	rootObject = 4D06179419D7783800A7679C /* Project object */;
}
